{
  "pins" : [
    {
      "identity" : "designkitforios",
      "kind" : "remoteSourceControl",
      "location" : "https://github.com/ht9945/DesignKitForIOS.git",
      "state" : {
        "revision" : "402425030dfdd1c5b0dbba971cbcad5899989450",
        "version" : "0.5.0"
      }
    }
  ],
  "version" : 2
}
